// !$*UTF8*$!
{
	archiveVersion = 1;
	classes = {
	};
	objectVersion = 46;
	objects = {

/* Begin PBXFileReference section */
		FC0C56381517F355004F96D6 /* main.c */ = {isa = PBXFileReference; fileEncoding = 4; lastKnownFileType = sourcecode.c.c; name = main.c; path = ../main.c; sourceTree = "<group>"; };
		FC0C56391517F355004F96D6 /* main.h */ = {isa = PBXFileReference; fileEncoding = 4; lastKnownFileType = sourcecode.c.h; name = main.h; path = ../main.h; sourceTree = "<group>"; };
		FC0C563A1517F355004F96D6 /* Makefile */ = {isa = PBXFileReference; fileEncoding = 4; lastKnownFileType = sourcecode.make; name = Makefile; path = ../Makefile; sourceTree = "<group>"; };
		FC0C563B1517F355004F96D6 /* packet.c */ = {isa = PBXFileReference; fileEncoding = 4; lastKnownFileType = sourcecode.c.c; name = packet.c; path = ../packet.c; sourceTree = "<group>"; };
		FC0C563C1517F355004F96D6 /* packet.h */ = {isa = PBXFileReference; fileEncoding = 4; lastKnownFileType = sourcecode.c.h; name = packet.h; path = ../packet.h; sourceTree = "<group>"; };
		FC0C563D1517F355004F96D6 /* platform.c */ = {isa = PBXFileReference; fileEncoding = 4; lastKnownFileType = sourcecode.c.c; name = platform.c; path = ../platform.c; sourceTree = "<group>"; };
		FC0C563E1517F355004F96D6 /* platform.h */ = {isa = PBXFileReference; fileEncoding = 4; lastKnownFileType = sourcecode.c.h; name = platform.h; path = ../platform.h; sourceTree = "<group>"; };
		FC0C563F1517F355004F96D6 /* queue.c */ = {isa = PBXFileReference; fileEncoding = 4; lastKnownFileType = sourcecode.c.c; name = queue.c; path = ../queue.c; sourceTree = "<group>"; };
		FC0C56401517F355004F96D6 /* queue.h */ = {isa = PBXFileReference; fileEncoding = 4; lastKnownFileType = sourcecode.c.h; name = queue.h; path = ../queue.h; sourceTree = "<group>"; };
		FC0C56411517F355004F96D6 /* receive.c */ = {isa = PBXFileReference; fileEncoding = 4; lastKnownFileType = sourcecode.c.c; name = receive.c; path = ../receive.c; sourceTree = "<group>"; };
		FC0C56421517F355004F96D6 /* receive.h */ = {isa = PBXFileReference; fileEncoding = 4; lastKnownFileType = sourcecode.c.h; name = receive.h; path = ../receive.h; sourceTree = "<group>"; };
		FC0C56431517F355004F96D6 /* thread.c */ = {isa = PBXFileReference; fileEncoding = 4; lastKnownFileType = sourcecode.c.c; name = thread.c; path = ../thread.c; sourceTree = "<group>"; };
		FC0C56441517F355004F96D6 /* thread.h */ = {isa = PBXFileReference; fileEncoding = 4; lastKnownFileType = sourcecode.c.h; name = thread.h; path = ../thread.h; sourceTree = "<group>"; };
		FC0C56451517F355004F96D6 /* transmit.c */ = {isa = PBXFileReference; fileEncoding = 4; lastKnownFileType = sourcecode.c.c; name = transmit.c; path = ../transmit.c; sourceTree = "<group>"; };
		FC0C56461517F355004F96D6 /* transmit.h */ = {isa = PBXFileReference; fileEncoding = 4; lastKnownFileType = sourcecode.c.h; name = transmit.h; path = ../transmit.h; sourceTree = "<group>"; };
		FC0C56471517F355004F96D6 /* userTable.c */ = {isa = PBXFileReference; fileEncoding = 4; lastKnownFileType = sourcecode.c.c; name = userTable.c; path = ../userTable.c; sourceTree = "<group>"; };
		FC0C56481517F355004F96D6 /* userTable.h */ = {isa = PBXFileReference; fileEncoding = 4; lastKnownFileType = sourcecode.c.h; name = userTable.h; path = ../userTable.h; sourceTree = "<group>"; };
/* End PBXFileReference section */

/* Begin PBXGroup section */
		FC0C562B1517F328004F96D6 = {
			isa = PBXGroup;
			children = (
				FC0C56491517F35A004F96D6 /* source */,
			);
			sourceTree = "<group>";
		};
		FC0C56491517F35A004F96D6 /* source */ = {
			isa = PBXGroup;
			children = (
				FC0C56381517F355004F96D6 /* main.c */,
				FC0C56391517F355004F96D6 /* main.h */,
				FC0C563A1517F355004F96D6 /* Makefile */,
				FC0C563B1517F355004F96D6 /* packet.c */,
				FC0C563C1517F355004F96D6 /* packet.h */,
				FC0C563D1517F355004F96D6 /* platform.c */,
				FC0C563E1517F355004F96D6 /* platform.h */,
				FC0C563F1517F355004F96D6 /* queue.c */,
				FC0C56401517F355004F96D6 /* queue.h */,
				FC0C56411517F355004F96D6 /* receive.c */,
				FC0C56421517F355004F96D6 /* receive.h */,
				FC0C56431517F355004F96D6 /* thread.c */,
				FC0C56441517F355004F96D6 /* thread.h */,
				FC0C56451517F355004F96D6 /* transmit.c */,
				FC0C56461517F355004F96D6 /* transmit.h */,
				FC0C56471517F355004F96D6 /* userTable.c */,
				FC0C56481517F355004F96D6 /* userTable.h */,
			);
			name = source;
			sourceTree = "<group>";
		};
/* End PBXGroup section */

/* Begin PBXLegacyTarget section */
		FC0C56321517F328004F96D6 /* SerialRingLan */ = {
			isa = PBXLegacyTarget;
			buildArgumentsString = "$(ACTION)";
			buildConfigurationList = FC0C56351517F328004F96D6 /* Build configuration list for PBXLegacyTarget "SerialRingLan" */;
			buildPhases = (
			);
			buildToolPath = /usr/bin/make;
			buildWorkingDirectory = /Users/jamesjohns/Dropbox/University/SerialRingLan/SerialRingLan/SerialRingLan;
			dependencies = (
			);
			name = SerialRingLan;
			passBuildSettingsInEnvironment = 1;
			productName = SerialRingLan;
		};
/* End PBXLegacyTarget section */

/* Begin PBXProject section */
		FC0C562D1517F328004F96D6 /* Project object */ = {
			isa = PBXProject;
			attributes = {
				ORGANIZATIONNAME = "James Johns";
			};
			buildConfigurationList = FC0C56301517F328004F96D6 /* Build configuration list for PBXProject "SerialRingLan" */;
			compatibilityVersion = "Xcode 3.2";
			developmentRegion = English;
			hasScannedForEncodings = 0;
			knownRegions = (
				en,
			);
			mainGroup = FC0C562B1517F328004F96D6;
			projectDirPath = "";
			projectRoot = "";
			targets = (
				FC0C56321517F328004F96D6 /* SerialRingLan */,
			);
		};
/* End PBXProject section */

/* Begin XCBuildConfiguration section */
		FC0C56331517F328004F96D6 /* Debug */ = {
			isa = XCBuildConfiguration;
			buildSettings = {
				ARCHS = "$(ARCHS_STANDARD_32_64_BIT)";
				GCC_C_LANGUAGE_STANDARD = gnu99;
				GCC_OPTIMIZATION_LEVEL = 0;
				GCC_PREPROCESSOR_DEFINITIONS = DEBUG;
				GCC_SYMBOLS_PRIVATE_EXTERN = NO;
				GCC_VERSION = com.apple.compilers.llvm.clang.1_0;
				GCC_WARN_64_TO_32_BIT_CONVERSION = YES;
				GCC_WARN_ABOUT_RETURN_TYPE = YES;
				GCC_WARN_UNUSED_VARIABLE = YES;
				MACOSX_DEPLOYMENT_TARGET = 10.6;
				ONLY_ACTIVE_ARCH = YES;
				SDKROOT = macosx;
			};
			name = Debug;
		};
		FC0C56341517F328004F96D6 /* Release */ = {
			isa = XCBuildConfiguration;
			buildSettings = {
				ARCHS = "$(ARCHS_STANDARD_32_64_BIT)";
				GCC_C_LANGUAGE_STANDARD = gnu99;
				GCC_VERSION = com.apple.compilers.llvm.clang.1_0;
				GCC_WARN_64_TO_32_BIT_CONVERSION = YES;
				GCC_WARN_ABOUT_RETURN_TYPE = YES;
				GCC_WARN_UNUSED_VARIABLE = YES;
				MACOSX_DEPLOYMENT_TARGET = 10.6;
				SDKROOT = macosx;
			};
			name = Release;
		};
		FC0C56361517F328004F96D6 /* Debug */ = {
			isa = XCBuildConfiguration;
			buildSettings = {
				ALWAYS_SEARCH_USER_PATHS = NO;
				COPY_PHASE_STRIP = NO;
				DEBUGGING_SYMBOLS = YES;
				GCC_DYNAMIC_NO_PIC = NO;
				GCC_ENABLE_OBJC_EXCEPTIONS = YES;
				GCC_GENERATE_DEBUGGING_SYMBOLS = YES;
				GCC_OPTIMIZATION_LEVEL = 0;
				OTHER_CFLAGS = "";
				OTHER_LDFLAGS = "";
				PRODUCT_NAME = "$(TARGET_NAME)";
			};
			name = Debug;
		};
		FC0C56371517F328004F96D6 /* Release */ = {
			isa = XCBuildConfiguration;
			buildSettings = {
				ALWAYS_SEARCH_USER_PATHS = NO;
				COPY_PHASE_STRIP = YES;
				DEBUG_INFORMATION_FORMAT = "dwarf-with-dsym";
				GCC_ENABLE_OBJC_EXCEPTIONS = YES;
				OTHER_CFLAGS = "";
				OTHER_LDFLAGS = "";
				PRODUCT_NAME = "$(TARGET_NAME)";
			};
			name = Release;
		};
/* End XCBuildConfiguration section */

/* Begin XCConfigurationList section */
		FC0C56301517F328004F96D6 /* Build configuration list for PBXProject "SerialRingLan" */ = {
			isa = XCConfigurationList;
			buildConfigurations = (
				FC0C56331517F328004F96D6 /* Debug */,
				FC0C56341517F328004F96D6 /* Release */,
			);
			defaultConfigurationIsVisible = 0;
			defaultConfigurationName = Release;
		};
		FC0C56351517F328004F96D6 /* Build configuration list for PBXLegacyTarget "SerialRingLan" */ = {
			isa = XCConfigurationList;
			buildConfigurations = (
				FC0C56361517F328004F96D6 /* Debug */,
				FC0C56371517F328004F96D6 /* Release */,
			);
			defaultConfigurationIsVisible = 0;
		};
/* End XCConfigurationList section */
	};
	rootObject = FC0C562D1517F328004F96D6 /* Project object */;
}
